
Microsoft Visual Studio Solution File, Format Version 11.00
# Visual Studio 2010
Project("{FAE04EC0-301F-11D3-BF4B-00C04F79EFBC}") = "UnityEngine.UI", "UnityEngine.UI.csproj", "{91169dfb-b2d3-057e-af03-130ee3742ee6}"
EndProject
Project("{FAE04EC0-301F-11D3-BF4B-00C04F79EFBC}") = "UnityEngine.TestRunner", "UnityEngine.TestRunner.csproj", "{33fc3e95-c147-52a7-63ff-290382de945f}"
EndProject
Project("{FAE04EC0-301F-11D3-BF4B-00C04F79EFBC}") = "Assembly-CSharp", "Assembly-CSharp.csproj", "{7aac87ee-b1ac-a7b6-5088-aaba2bc54463}"
EndProject
Project("{FAE04EC0-301F-11D3-BF4B-00C04F79EFBC}") = "Unity.Timeline", "Unity.Timeline.csproj", "{be415830-8c5d-abb2-0c59-e004ed8ee91b}"
EndProject
Project("{FAE04EC0-301F-11D3-BF4B-00C04F79EFBC}") = "Unity.TextMeshPro", "Unity.TextMeshPro.csproj", "{1bfd3963-67ea-1bb7-5624-31fa2e0793b7}"
EndProject
Project("{FAE04EC0-301F-11D3-BF4B-00C04F79EFBC}") = "UnityEditor.TestRunner", "UnityEditor.TestRunner.csproj", "{8d204a25-a5fa-86d7-13ad-427579d0cb37}"
EndProject
Project("{FAE04EC0-301F-11D3-BF4B-00C04F79EFBC}") = "Unity.PlasticSCM.Editor", "Unity.PlasticSCM.Editor.csproj", "{73cd46f1-9d8d-da17-8eb8-e546d62fb82e}"
EndProject
Project("{FAE04EC0-301F-11D3-BF4B-00C04F79EFBC}") = "UnityEditor.UI", "UnityEditor.UI.csproj", "{2f96b79c-89bb-b561-f946-73b19793c4b4}"
EndProject
Project("{FAE04EC0-301F-11D3-BF4B-00C04F79EFBC}") = "Unity.Services.Core.Editor", "Unity.Services.Core.Editor.csproj", "{32e80cb5-d824-9cf6-b00a-094b0196fe19}"
EndProject
Project("{FAE04EC0-301F-11D3-BF4B-00C04F79EFBC}") = "Unity.Timeline.Editor", "Unity.Timeline.Editor.csproj", "{a87e3014-a2af-cee0-5e89-af120e1071d1}"
EndProject
Project("{FAE04EC0-301F-11D3-BF4B-00C04F79EFBC}") = "Unity.VisualStudio.Editor", "Unity.VisualStudio.Editor.csproj", "{7a30f524-6741-e3ba-42d5-2a0bdc34dd60}"
EndProject
Project("{FAE04EC0-301F-11D3-BF4B-00C04F79EFBC}") = "Unity.TextMeshPro.Editor", "Unity.TextMeshPro.Editor.csproj", "{155b0aa8-8d70-38e3-33ee-4b27da31c590}"
EndProject
Project("{FAE04EC0-301F-11D3-BF4B-00C04F79EFBC}") = "Unity.CollabProxy.Editor", "Unity.CollabProxy.Editor.csproj", "{fc97ca2c-722c-3f6d-1624-337c19b9ac99}"
EndProject
Project("{FAE04EC0-301F-11D3-BF4B-00C04F79EFBC}") = "Unity.Rider.Editor", "Unity.Rider.Editor.csproj", "{87cc2526-5d19-6eef-0b51-8d49f763affe}"
EndProject
Project("{FAE04EC0-301F-11D3-BF4B-00C04F79EFBC}") = "Unity.2D.Sprite.Editor", "Unity.2D.Sprite.Editor.csproj", "{e31dcbf7-ac7e-c42d-577c-2c25022744e1}"
EndProject
Project("{FAE04EC0-301F-11D3-BF4B-00C04F79EFBC}") = "Unity.VSCode.Editor", "Unity.VSCode.Editor.csproj", "{3c37fac9-0425-6b4b-70cc-98bd2e685dd6}"
EndProject
Project("{FAE04EC0-301F-11D3-BF4B-00C04F79EFBC}") = "UnityEngine.UI", "UnityEngine.UI.Player.csproj", "{e7816327-2360-7611-7434-92265b7531b6}"
EndProject
Project("{FAE04EC0-301F-11D3-BF4B-00C04F79EFBC}") = "UnityEngine.TestRunner", "UnityEngine.TestRunner.Player.csproj", "{2d6359e2-a7e8-3343-acfd-1b4d312a6d49}"
EndProject
Project("{FAE04EC0-301F-11D3-BF4B-00C04F79EFBC}") = "Assembly-CSharp", "Assembly-CSharp.Player.csproj", "{e2a7c3d2-0a2e-9994-7ba1-fd96d6c72581}"
EndProject
Project("{FAE04EC0-301F-11D3-BF4B-00C04F79EFBC}") = "Unity.Timeline", "Unity.Timeline.Player.csproj", "{a20eff98-32d6-4d5c-9a11-bf2112b6f47c}"
EndProject
Project("{FAE04EC0-301F-11D3-BF4B-00C04F79EFBC}") = "Unity.TextMeshPro", "Unity.TextMeshPro.Player.csproj", "{0c9c7f6e-e1fa-36db-c040-1a5780aa4b00}"
EndProject
Project("{FAE04EC0-301F-11D3-BF4B-00C04F79EFBC}") = "Unity.2D.Sprite.Package.EditorTests", "Unity.2D.Sprite.Package.EditorTests.csproj", "{b19ff704-809f-7de6-43bf-8f0274917e74}"
EndProject
Project("{FAE04EC0-301F-11D3-BF4B-00C04F79EFBC}") = "Unity.PlasticSCM.EditorTests", "Unity.PlasticSCM.EditorTests.csproj", "{2e8c9bff-a7a1-a722-9935-f4373da3c7ee}"
EndProject
Project("{FAE04EC0-301F-11D3-BF4B-00C04F79EFBC}") = "Unity.TextMeshPro.Editor.Tests", "Unity.TextMeshPro.Editor.Tests.csproj", "{ef18b686-cd33-ec29-c211-68041ed702d6}"
EndProject
Project("{FAE04EC0-301F-11D3-BF4B-00C04F79EFBC}") = "DocCodeExamples", "DocCodeExamples.csproj", "{2d80e2f7-a58f-b149-f2af-9fcf88ff0979}"
EndProject
Project("{FAE04EC0-301F-11D3-BF4B-00C04F79EFBC}") = "Unity.CollabProxy.EditorTests", "Unity.CollabProxy.EditorTests.csproj", "{ffad8486-a2c9-69dd-d2f7-bb5fdd667538}"
EndProject
Project("{FAE04EC0-301F-11D3-BF4B-00C04F79EFBC}") = "UnityEngine.UI.Tests", "UnityEngine.UI.Tests.csproj", "{77ecfb5b-47bb-9653-d7cf-d9838e296624}"
EndProject
Project("{FAE04EC0-301F-11D3-BF4B-00C04F79EFBC}") = "Unity.Nuget.NewtonsoftJson.EditorTests", "Unity.Nuget.NewtonsoftJson.EditorTests.csproj", "{cb2570a2-e1bf-96c9-2bbb-51d7a85368fa}"
EndProject
Project("{FAE04EC0-301F-11D3-BF4B-00C04F79EFBC}") = "Unity.TextMeshPro.Tests", "Unity.TextMeshPro.Tests.csproj", "{68baffb5-56ad-23f0-e6bf-ac104c0b01c6}"
EndProject
Project("{FAE04EC0-301F-11D3-BF4B-00C04F79EFBC}") = "UnityEditor.UI.EditorTests", "UnityEditor.UI.EditorTests.csproj", "{c84e5779-8e7b-8175-993c-586d786c8f33}"
EndProject
Global
	GlobalSection(SolutionConfigurationPlatforms) = preSolution
		Debug|Any CPU = Debug|Any CPU
	EndGlobalSection
	GlobalSection(ProjectConfigurationPlatforms) = postSolution
		{91169dfb-b2d3-057e-af03-130ee3742ee6}.Debug|Any CPU.ActiveCfg = Debug|Any CPU
		{91169dfb-b2d3-057e-af03-130ee3742ee6}.Debug|Any CPU.Build.0 = Debug|Any CPU
		{33fc3e95-c147-52a7-63ff-290382de945f}.Debug|Any CPU.ActiveCfg = Debug|Any CPU
		{33fc3e95-c147-52a7-63ff-290382de945f}.Debug|Any CPU.Build.0 = Debug|Any CPU
		{7aac87ee-b1ac-a7b6-5088-aaba2bc54463}.Debug|Any CPU.ActiveCfg = Debug|Any CPU
		{7aac87ee-b1ac-a7b6-5088-aaba2bc54463}.Debug|Any CPU.Build.0 = Debug|Any CPU
		{be415830-8c5d-abb2-0c59-e004ed8ee91b}.Debug|Any CPU.ActiveCfg = Debug|Any CPU
		{be415830-8c5d-abb2-0c59-e004ed8ee91b}.Debug|Any CPU.Build.0 = Debug|Any CPU
		{1bfd3963-67ea-1bb7-5624-31fa2e0793b7}.Debug|Any CPU.ActiveCfg = Debug|Any CPU
		{1bfd3963-67ea-1bb7-5624-31fa2e0793b7}.Debug|Any CPU.Build.0 = Debug|Any CPU
		{8d204a25-a5fa-86d7-13ad-427579d0cb37}.Debug|Any CPU.ActiveCfg = Debug|Any CPU
		{8d204a25-a5fa-86d7-13ad-427579d0cb37}.Debug|Any CPU.Build.0 = Debug|Any CPU
		{73cd46f1-9d8d-da17-8eb8-e546d62fb82e}.Debug|Any CPU.ActiveCfg = Debug|Any CPU
		{73cd46f1-9d8d-da17-8eb8-e546d62fb82e}.Debug|Any CPU.Build.0 = Debug|Any CPU
		{2f96b79c-89bb-b561-f946-73b19793c4b4}.Debug|Any CPU.ActiveCfg = Debug|Any CPU
		{2f96b79c-89bb-b561-f946-73b19793c4b4}.Debug|Any CPU.Build.0 = Debug|Any CPU
		{32e80cb5-d824-9cf6-b00a-094b0196fe19}.Debug|Any CPU.ActiveCfg = Debug|Any CPU
		{32e80cb5-d824-9cf6-b00a-094b0196fe19}.Debug|Any CPU.Build.0 = Debug|Any CPU
		{a87e3014-a2af-cee0-5e89-af120e1071d1}.Debug|Any CPU.ActiveCfg = Debug|Any CPU
		{a87e3014-a2af-cee0-5e89-af120e1071d1}.Debug|Any CPU.Build.0 = Debug|Any CPU
		{7a30f524-6741-e3ba-42d5-2a0bdc34dd60}.Debug|Any CPU.ActiveCfg = Debug|Any CPU
		{7a30f524-6741-e3ba-42d5-2a0bdc34dd60}.Debug|Any CPU.Build.0 = Debug|Any CPU
		{155b0aa8-8d70-38e3-33ee-4b27da31c590}.Debug|Any CPU.ActiveCfg = Debug|Any CPU
		{155b0aa8-8d70-38e3-33ee-4b27da31c590}.Debug|Any CPU.Build.0 = Debug|Any CPU
		{fc97ca2c-722c-3f6d-1624-337c19b9ac99}.Debug|Any CPU.ActiveCfg = Debug|Any CPU
		{fc97ca2c-722c-3f6d-1624-337c19b9ac99}.Debug|Any CPU.Build.0 = Debug|Any CPU
		{87cc2526-5d19-6eef-0b51-8d49f763affe}.Debug|Any CPU.ActiveCfg = Debug|Any CPU
		{87cc2526-5d19-6eef-0b51-8d49f763affe}.Debug|Any CPU.Build.0 = Debug|Any CPU
		{e31dcbf7-ac7e-c42d-577c-2c25022744e1}.Debug|Any CPU.ActiveCfg = Debug|Any CPU
		{e31dcbf7-ac7e-c42d-577c-2c25022744e1}.Debug|Any CPU.Build.0 = Debug|Any CPU
		{3c37fac9-0425-6b4b-70cc-98bd2e685dd6}.Debug|Any CPU.ActiveCfg = Debug|Any CPU
		{3c37fac9-0425-6b4b-70cc-98bd2e685dd6}.Debug|Any CPU.Build.0 = Debug|Any CPU
		{e7816327-2360-7611-7434-92265b7531b6}.Debug|Any CPU.ActiveCfg = Debug|Any CPU
		{e7816327-2360-7611-7434-92265b7531b6}.Debug|Any CPU.Build.0 = Debug|Any CPU
		{2d6359e2-a7e8-3343-acfd-1b4d312a6d49}.Debug|Any CPU.ActiveCfg = Debug|Any CPU
		{2d6359e2-a7e8-3343-acfd-1b4d312a6d49}.Debug|Any CPU.Build.0 = Debug|Any CPU
		{e2a7c3d2-0a2e-9994-7ba1-fd96d6c72581}.Debug|Any CPU.ActiveCfg = Debug|Any CPU
		{e2a7c3d2-0a2e-9994-7ba1-fd96d6c72581}.Debug|Any CPU.Build.0 = Debug|Any CPU
		{a20eff98-32d6-4d5c-9a11-bf2112b6f47c}.Debug|Any CPU.ActiveCfg = Debug|Any CPU
		{a20eff98-32d6-4d5c-9a11-bf2112b6f47c}.Debug|Any CPU.Build.0 = Debug|Any CPU
		{0c9c7f6e-e1fa-36db-c040-1a5780aa4b00}.Debug|Any CPU.ActiveCfg = Debug|Any CPU
		{0c9c7f6e-e1fa-36db-c040-1a5780aa4b00}.Debug|Any CPU.Build.0 = Debug|Any CPU
		{b19ff704-809f-7de6-43bf-8f0274917e74}.Debug|Any CPU.ActiveCfg = Debug|Any CPU
		{b19ff704-809f-7de6-43bf-8f0274917e74}.Debug|Any CPU.Build.0 = Debug|Any CPU
		{2e8c9bff-a7a1-a722-9935-f4373da3c7ee}.Debug|Any CPU.ActiveCfg = Debug|Any CPU
		{2e8c9bff-a7a1-a722-9935-f4373da3c7ee}.Debug|Any CPU.Build.0 = Debug|Any CPU
		{ef18b686-cd33-ec29-c211-68041ed702d6}.Debug|Any CPU.ActiveCfg = Debug|Any CPU
		{ef18b686-cd33-ec29-c211-68041ed702d6}.Debug|Any CPU.Build.0 = Debug|Any CPU
		{2d80e2f7-a58f-b149-f2af-9fcf88ff0979}.Debug|Any CPU.ActiveCfg = Debug|Any CPU
		{2d80e2f7-a58f-b149-f2af-9fcf88ff0979}.Debug|Any CPU.Build.0 = Debug|Any CPU
		{ffad8486-a2c9-69dd-d2f7-bb5fdd667538}.Debug|Any CPU.ActiveCfg = Debug|Any CPU
		{ffad8486-a2c9-69dd-d2f7-bb5fdd667538}.Debug|Any CPU.Build.0 = Debug|Any CPU
		{77ecfb5b-47bb-9653-d7cf-d9838e296624}.Debug|Any CPU.ActiveCfg = Debug|Any CPU
		{77ecfb5b-47bb-9653-d7cf-d9838e296624}.Debug|Any CPU.Build.0 = Debug|Any CPU
		{cb2570a2-e1bf-96c9-2bbb-51d7a85368fa}.Debug|Any CPU.ActiveCfg = Debug|Any CPU
		{cb2570a2-e1bf-96c9-2bbb-51d7a85368fa}.Debug|Any CPU.Build.0 = Debug|Any CPU
		{68baffb5-56ad-23f0-e6bf-ac104c0b01c6}.Debug|Any CPU.ActiveCfg = Debug|Any CPU
		{68baffb5-56ad-23f0-e6bf-ac104c0b01c6}.Debug|Any CPU.Build.0 = Debug|Any CPU
		{c84e5779-8e7b-8175-993c-586d786c8f33}.Debug|Any CPU.ActiveCfg = Debug|Any CPU
		{c84e5779-8e7b-8175-993c-586d786c8f33}.Debug|Any CPU.Build.0 = Debug|Any CPU
	EndGlobalSection
	GlobalSection(SolutionProperties) = preSolution
		HideSolutionNode = FALSE
	EndGlobalSection
EndGlobal
